Microsoft Visual Studio Solution File, Format Version 12.00
# Visual Studio Version 17
VisualStudioVersion = 17.5.2.0
MinimumVisualStudioVersion = 10.0.40219.1
Project("{FAE04EC0-301F-11D3-BF4B-00C04F79EFBC}") = "Lab5App", "Lab5App\Lab5App.csproj", "{215265C0-D8A9-EE59-7459-9DC53BA64792}"
EndProject
Global
	GlobalSection(SolutionConfigurationPlatforms) = preSolution
		Debug|Any CPU = Debug|Any CPU
		Release|Any CPU = Release|Any CPU
	EndGlobalSection
	GlobalSection(ProjectConfigurationPlatforms) = postSolution
		{215265C0-D8A9-EE59-7459-9DC53BA64792}.Debug|Any CPU.ActiveCfg = Debug|Any CPU
		{215265C0-D8A9-EE59-7459-9DC53BA64792}.Debug|Any CPU.Build.0 = Debug|Any CPU
		{215265C0-D8A9-EE59-7459-9DC53BA64792}.Release|Any CPU.ActiveCfg = Release|Any CPU
		{215265C0-D8A9-EE59-7459-9DC53BA64792}.Release|Any CPU.Build.0 = Release|Any CPU
	EndGlobalSection
	GlobalSection(SolutionProperties) = preSolution
		HideSolutionNode = FALSE
	EndGlobalSection
	GlobalSection(ExtensibilityGlobals) = postSolution
		SolutionGuid = {22EBBF04-19E2-410C-A673-2575886BD012}
	EndGlobalSection
EndGlobal
